Microsoft Visual Studio Solution File, Format Version 12.00
# Visual Studio Version 17
VisualStudioVersion = 17.5.2.0
MinimumVisualStudioVersion = 10.0.40219.1
Project("{FAE04EC0-301F-11D3-BF4B-00C04F79EFBC}") = "FileWebAPI", "FileWebAPI.csproj", "{23945EA4-D321-115D-EE87-2AEA8C32B97F}"
EndProject
Global
	GlobalSection(SolutionConfigurationPlatforms) = preSolution
		Debug|Any CPU = Debug|Any CPU
		Release|Any CPU = Release|Any CPU
	EndGlobalSection
	GlobalSection(ProjectConfigurationPlatforms) = postSolution
		{23945EA4-D321-115D-EE87-2AEA8C32B97F}.Debug|Any CPU.ActiveCfg = Debug|Any CPU
		{23945EA4-D321-115D-EE87-2AEA8C32B97F}.Debug|Any CPU.Build.0 = Debug|Any CPU
		{23945EA4-D321-115D-EE87-2AEA8C32B97F}.Release|Any CPU.ActiveCfg = Release|Any CPU
		{23945EA4-D321-115D-EE87-2AEA8C32B97F}.Release|Any CPU.Build.0 = Release|Any CPU
	EndGlobalSection
	GlobalSection(SolutionProperties) = preSolution
		HideSolutionNode = FALSE
	EndGlobalSection
	GlobalSection(ExtensibilityGlobals) = postSolution
		SolutionGuid = {48E2E89F-A3FF-4C1B-B3E5-538CC8EFAA69}
	EndGlobalSection
EndGlobal
